
Microsoft Visual Studio Solution File, Format Version 12.00
# Visual Studio 15
VisualStudioVersion = 15.0.26730.16
MinimumVisualStudioVersion = 10.0.40219.1
Project("{9A19103F-16F7-4668-BE54-9A1E7A4F7556}") = "HC.Patient.Web", "HC.Patient\HC.Web\HC.Patient.Web.csproj", "{C80A0520-39A5-4BDD-A4CD-6EC0E0132FAC}"
EndProject
Project("{9A19103F-16F7-4668-BE54-9A1E7A4F7556}") = "HC.Patient.Data", "HC.Patient\HC.Data\HC.Patient.Data.csproj", "{EA061228-DC48-46F8-8DEE-646BC37C68A4}"
EndProject
Project("{9A19103F-16F7-4668-BE54-9A1E7A4F7556}") = "HC.Patient.Entity", "HC.Patient\HC.Entity\HC.Patient.Entity.csproj", "{AD8ADBC1-3432-463F-8F4A-F7A084B07F35}"
EndProject
Project("{9A19103F-16F7-4668-BE54-9A1E7A4F7556}") = "HC.Patient.Service", "HC.Patient\HC.Service\HC.Patient.Service.csproj", "{0983612E-95BD-426D-803E-4FFFF01C381F}"
EndProject
Project("{9A19103F-16F7-4668-BE54-9A1E7A4F7556}") = "HC.Common", "HC.Common\HC.Common\HC.Common.csproj", "{C781BD15-B664-4BE9-B118-566FB96DC84B}"
EndProject
Project("{9A19103F-16F7-4668-BE54-9A1E7A4F7556}") = "HC.Patient.Model", "HC.Patient\HC.Model\HC.Patient.Model.csproj", "{6EF0D9C7-2AF2-4816-88D8-87A58B777731}"
EndProject
Project("{2150E333-8FDC-42A3-9474-1A3956D46DE8}") = "Common", "Common", "{BB00E36C-DDB6-41BA-9D01-26661DCADEAC}"
EndProject
Project("{2150E333-8FDC-42A3-9474-1A3956D46DE8}") = "Patient", "Patient", "{4835C260-F422-44A1-A36D-E5E35DFF5AC8}"
EndProject
Project("{9A19103F-16F7-4668-BE54-9A1E7A4F7556}") = "HC.Patient.Repositories", "HC.Patient\HC.Repositories\HC.Patient.Repositories.csproj", "{AA8B23EC-EB66-41F2-ABEF-FE80CD62B384}"
EndProject
Project("{9A19103F-16F7-4668-BE54-9A1E7A4F7556}") = "HC.Repositories", "HC.Common\HC.Repositories\HC.Repositories.csproj", "{662D8DB0-BFA4-4C0F-9539-534808A4408B}"
EndProject
Project("{9A19103F-16F7-4668-BE54-9A1E7A4F7556}") = "HC.Service", "HC.Common\HC.Service\HC.Service.csproj", "{5BD49C57-F0B8-4AAC-B09E-2E2FABD4554A}"
EndProject
Project("{9A19103F-16F7-4668-BE54-9A1E7A4F7556}") = "HC.Model", "HC.Common\HC.Model\HC.Model.csproj", "{52DD3FE6-1EF8-4BFA-85FB-1DE006225C33}"
EndProject
Project("{9A19103F-16F7-4668-BE54-9A1E7A4F7556}") = "NLog.Targets.ElasticSearch", "HC.Patient\NLog.Targets.ElasticSearch\NLog.Targets.ElasticSearch.csproj", "{05D8DE80-57F6-4801-8E91-4E3F841432D6}"
EndProject
Project("{9A19103F-16F7-4668-BE54-9A1E7A4F7556}") = "EDIGenerator", "EDIGenerator\EDIGenerator.csproj", "{8B42117F-5C6D-4B70-B2CF-784757E8A45E}"
EndProject
Project("{9A19103F-16F7-4668-BE54-9A1E7A4F7556}") = "EDIParser", "EDIParser\EDIParser.csproj", "{81AE43C0-43C7-4E51-92B9-97CC3A90383B}"
EndProject
Project("{2150E333-8FDC-42A3-9474-1A3956D46DE8}") = "CCDA Generation", "CCDA Generation", "{C5923CB6-0892-4DB7-8EA1-40229E908F85}"
EndProject
Project("{9A19103F-16F7-4668-BE54-9A1E7A4F7556}") = "CCDAGeneration", "CCDAGeneration\CCDAGeneration.csproj", "{D4E27238-ED37-49B4-9E00-FCE00FB27690}"
EndProject
Project("{2150E333-8FDC-42A3-9474-1A3956D46DE8}") = "Reports", "Reports", "{AC7D264D-44D1-4EB3-BE11-A6F1152B779E}"
EndProject
Global
	GlobalSection(SolutionConfigurationPlatforms) = preSolution
		Debug|Any CPU = Debug|Any CPU
		Debug|x86 = Debug|x86
		DebugLocal|Any CPU = DebugLocal|Any CPU
		DebugLocal|x86 = DebugLocal|x86
		Release|Any CPU = Release|Any CPU
		Release|x86 = Release|x86
	EndGlobalSection
	GlobalSection(ProjectConfigurationPlatforms) = postSolution
		{C80A0520-39A5-4BDD-A4CD-6EC0E0132FAC}.Debug|Any CPU.ActiveCfg = Debug|Any CPU
		{C80A0520-39A5-4BDD-A4CD-6EC0E0132FAC}.Debug|Any CPU.Build.0 = Debug|Any CPU
		{C80A0520-39A5-4BDD-A4CD-6EC0E0132FAC}.Debug|x86.ActiveCfg = Debug|Any CPU
		{C80A0520-39A5-4BDD-A4CD-6EC0E0132FAC}.Debug|x86.Build.0 = Debug|Any CPU
		{C80A0520-39A5-4BDD-A4CD-6EC0E0132FAC}.DebugLocal|Any CPU.ActiveCfg = Debug|Any CPU
		{C80A0520-39A5-4BDD-A4CD-6EC0E0132FAC}.DebugLocal|x86.ActiveCfg = Debug|Any CPU
		{C80A0520-39A5-4BDD-A4CD-6EC0E0132FAC}.Release|Any CPU.ActiveCfg = Release|Any CPU
		{C80A0520-39A5-4BDD-A4CD-6EC0E0132FAC}.Release|Any CPU.Build.0 = Release|Any CPU
		{C80A0520-39A5-4BDD-A4CD-6EC0E0132FAC}.Release|x86.ActiveCfg = Release|Any CPU
		{C80A0520-39A5-4BDD-A4CD-6EC0E0132FAC}.Release|x86.Build.0 = Release|Any CPU
		{EA061228-DC48-46F8-8DEE-646BC37C68A4}.Debug|Any CPU.ActiveCfg = Debug|Any CPU
		{EA061228-DC48-46F8-8DEE-646BC37C68A4}.Debug|Any CPU.Build.0 = Debug|Any CPU
		{EA061228-DC48-46F8-8DEE-646BC37C68A4}.Debug|x86.ActiveCfg = Debug|Any CPU
		{EA061228-DC48-46F8-8DEE-646BC37C68A4}.Debug|x86.Build.0 = Debug|Any CPU
		{EA061228-DC48-46F8-8DEE-646BC37C68A4}.DebugLocal|Any CPU.ActiveCfg = Debug|Any CPU
		{EA061228-DC48-46F8-8DEE-646BC37C68A4}.DebugLocal|x86.ActiveCfg = Debug|Any CPU
		{EA061228-DC48-46F8-8DEE-646BC37C68A4}.Release|Any CPU.ActiveCfg = Release|Any CPU
		{EA061228-DC48-46F8-8DEE-646BC37C68A4}.Release|Any CPU.Build.0 = Release|Any CPU
		{EA061228-DC48-46F8-8DEE-646BC37C68A4}.Release|x86.ActiveCfg = Release|Any CPU
		{EA061228-DC48-46F8-8DEE-646BC37C68A4}.Release|x86.Build.0 = Release|Any CPU
		{AD8ADBC1-3432-463F-8F4A-F7A084B07F35}.Debug|Any CPU.ActiveCfg = Debug|Any CPU
		{AD8ADBC1-3432-463F-8F4A-F7A084B07F35}.Debug|Any CPU.Build.0 = Debug|Any CPU
		{AD8ADBC1-3432-463F-8F4A-F7A084B07F35}.Debug|x86.ActiveCfg = Debug|Any CPU
		{AD8ADBC1-3432-463F-8F4A-F7A084B07F35}.Debug|x86.Build.0 = Debug|Any CPU
		{AD8ADBC1-3432-463F-8F4A-F7A084B07F35}.DebugLocal|Any CPU.ActiveCfg = Debug|Any CPU
		{AD8ADBC1-3432-463F-8F4A-F7A084B07F35}.DebugLocal|x86.ActiveCfg = Debug|Any CPU
		{AD8ADBC1-3432-463F-8F4A-F7A084B07F35}.Release|Any CPU.ActiveCfg = Release|Any CPU
		{AD8ADBC1-3432-463F-8F4A-F7A084B07F35}.Release|Any CPU.Build.0 = Release|Any CPU
		{AD8ADBC1-3432-463F-8F4A-F7A084B07F35}.Release|x86.ActiveCfg = Release|Any CPU
		{AD8ADBC1-3432-463F-8F4A-F7A084B07F35}.Release|x86.Build.0 = Release|Any CPU
		{0983612E-95BD-426D-803E-4FFFF01C381F}.Debug|Any CPU.ActiveCfg = Debug|Any CPU
		{0983612E-95BD-426D-803E-4FFFF01C381F}.Debug|Any CPU.Build.0 = Debug|Any CPU
		{0983612E-95BD-426D-803E-4FFFF01C381F}.Debug|x86.ActiveCfg = Debug|Any CPU
		{0983612E-95BD-426D-803E-4FFFF01C381F}.Debug|x86.Build.0 = Debug|Any CPU
		{0983612E-95BD-426D-803E-4FFFF01C381F}.DebugLocal|Any CPU.ActiveCfg = Debug|Any CPU
		{0983612E-95BD-426D-803E-4FFFF01C381F}.DebugLocal|x86.ActiveCfg = Debug|Any CPU
		{0983612E-95BD-426D-803E-4FFFF01C381F}.Release|Any CPU.ActiveCfg = Release|Any CPU
		{0983612E-95BD-426D-803E-4FFFF01C381F}.Release|Any CPU.Build.0 = Release|Any CPU
		{0983612E-95BD-426D-803E-4FFFF01C381F}.Release|x86.ActiveCfg = Release|Any CPU
		{0983612E-95BD-426D-803E-4FFFF01C381F}.Release|x86.Build.0 = Release|Any CPU
		{C781BD15-B664-4BE9-B118-566FB96DC84B}.Debug|Any CPU.ActiveCfg = Debug|Any CPU
		{C781BD15-B664-4BE9-B118-566FB96DC84B}.Debug|Any CPU.Build.0 = Debug|Any CPU
		{C781BD15-B664-4BE9-B118-566FB96DC84B}.Debug|x86.ActiveCfg = Debug|Any CPU
		{C781BD15-B664-4BE9-B118-566FB96DC84B}.Debug|x86.Build.0 = Debug|Any CPU
		{C781BD15-B664-4BE9-B118-566FB96DC84B}.DebugLocal|Any CPU.ActiveCfg = Debug|Any CPU
		{C781BD15-B664-4BE9-B118-566FB96DC84B}.DebugLocal|x86.ActiveCfg = Debug|Any CPU
		{C781BD15-B664-4BE9-B118-566FB96DC84B}.Release|Any CPU.ActiveCfg = Release|Any CPU
		{C781BD15-B664-4BE9-B118-566FB96DC84B}.Release|Any CPU.Build.0 = Release|Any CPU
		{C781BD15-B664-4BE9-B118-566FB96DC84B}.Release|x86.ActiveCfg = Release|Any CPU
		{C781BD15-B664-4BE9-B118-566FB96DC84B}.Release|x86.Build.0 = Release|Any CPU
		{6EF0D9C7-2AF2-4816-88D8-87A58B777731}.Debug|Any CPU.ActiveCfg = Debug|Any CPU
		{6EF0D9C7-2AF2-4816-88D8-87A58B777731}.Debug|Any CPU.Build.0 = Debug|Any CPU
		{6EF0D9C7-2AF2-4816-88D8-87A58B777731}.Debug|x86.ActiveCfg = Debug|Any CPU
		{6EF0D9C7-2AF2-4816-88D8-87A58B777731}.Debug|x86.Build.0 = Debug|Any CPU
		{6EF0D9C7-2AF2-4816-88D8-87A58B777731}.DebugLocal|Any CPU.ActiveCfg = Debug|Any CPU
		{6EF0D9C7-2AF2-4816-88D8-87A58B777731}.DebugLocal|x86.ActiveCfg = Debug|Any CPU
		{6EF0D9C7-2AF2-4816-88D8-87A58B777731}.Release|Any CPU.ActiveCfg = Release|Any CPU
		{6EF0D9C7-2AF2-4816-88D8-87A58B777731}.Release|Any CPU.Build.0 = Release|Any CPU
		{6EF0D9C7-2AF2-4816-88D8-87A58B777731}.Release|x86.ActiveCfg = Release|Any CPU
		{6EF0D9C7-2AF2-4816-88D8-87A58B777731}.Release|x86.Build.0 = Release|Any CPU
		{AA8B23EC-EB66-41F2-ABEF-FE80CD62B384}.Debug|Any CPU.ActiveCfg = Debug|Any CPU
		{AA8B23EC-EB66-41F2-ABEF-FE80CD62B384}.Debug|Any CPU.Build.0 = Debug|Any CPU
		{AA8B23EC-EB66-41F2-ABEF-FE80CD62B384}.Debug|x86.ActiveCfg = Debug|Any CPU
		{AA8B23EC-EB66-41F2-ABEF-FE80CD62B384}.Debug|x86.Build.0 = Debug|Any CPU
		{AA8B23EC-EB66-41F2-ABEF-FE80CD62B384}.DebugLocal|Any CPU.ActiveCfg = Debug|Any CPU
		{AA8B23EC-EB66-41F2-ABEF-FE80CD62B384}.DebugLocal|x86.ActiveCfg = Debug|Any CPU
		{AA8B23EC-EB66-41F2-ABEF-FE80CD62B384}.Release|Any CPU.ActiveCfg = Release|Any CPU
		{AA8B23EC-EB66-41F2-ABEF-FE80CD62B384}.Release|Any CPU.Build.0 = Release|Any CPU
		{AA8B23EC-EB66-41F2-ABEF-FE80CD62B384}.Release|x86.ActiveCfg = Release|Any CPU
		{AA8B23EC-EB66-41F2-ABEF-FE80CD62B384}.Release|x86.Build.0 = Release|Any CPU
		{662D8DB0-BFA4-4C0F-9539-534808A4408B}.Debug|Any CPU.ActiveCfg = Debug|Any CPU
		{662D8DB0-BFA4-4C0F-9539-534808A4408B}.Debug|Any CPU.Build.0 = Debug|Any CPU
		{662D8DB0-BFA4-4C0F-9539-534808A4408B}.Debug|x86.ActiveCfg = Debug|Any CPU
		{662D8DB0-BFA4-4C0F-9539-534808A4408B}.Debug|x86.Build.0 = Debug|Any CPU
		{662D8DB0-BFA4-4C0F-9539-534808A4408B}.DebugLocal|Any CPU.ActiveCfg = Debug|Any CPU
		{662D8DB0-BFA4-4C0F-9539-534808A4408B}.DebugLocal|x86.ActiveCfg = Debug|Any CPU
		{662D8DB0-BFA4-4C0F-9539-534808A4408B}.Release|Any CPU.ActiveCfg = Release|Any CPU
		{662D8DB0-BFA4-4C0F-9539-534808A4408B}.Release|Any CPU.Build.0 = Release|Any CPU
		{662D8DB0-BFA4-4C0F-9539-534808A4408B}.Release|x86.ActiveCfg = Release|Any CPU
		{662D8DB0-BFA4-4C0F-9539-534808A4408B}.Release|x86.Build.0 = Release|Any CPU
		{5BD49C57-F0B8-4AAC-B09E-2E2FABD4554A}.Debug|Any CPU.ActiveCfg = Debug|Any CPU
		{5BD49C57-F0B8-4AAC-B09E-2E2FABD4554A}.Debug|Any CPU.Build.0 = Debug|Any CPU
		{5BD49C57-F0B8-4AAC-B09E-2E2FABD4554A}.Debug|x86.ActiveCfg = Debug|Any CPU
		{5BD49C57-F0B8-4AAC-B09E-2E2FABD4554A}.Debug|x86.Build.0 = Debug|Any CPU
		{5BD49C57-F0B8-4AAC-B09E-2E2FABD4554A}.DebugLocal|Any CPU.ActiveCfg = Debug|Any CPU
		{5BD49C57-F0B8-4AAC-B09E-2E2FABD4554A}.DebugLocal|x86.ActiveCfg = Debug|Any CPU
		{5BD49C57-F0B8-4AAC-B09E-2E2FABD4554A}.Release|Any CPU.ActiveCfg = Release|Any CPU
		{5BD49C57-F0B8-4AAC-B09E-2E2FABD4554A}.Release|Any CPU.Build.0 = Release|Any CPU
		{5BD49C57-F0B8-4AAC-B09E-2E2FABD4554A}.Release|x86.ActiveCfg = Release|Any CPU
		{5BD49C57-F0B8-4AAC-B09E-2E2FABD4554A}.Release|x86.Build.0 = Release|Any CPU
		{52DD3FE6-1EF8-4BFA-85FB-1DE006225C33}.Debug|Any CPU.ActiveCfg = Debug|Any CPU
		{52DD3FE6-1EF8-4BFA-85FB-1DE006225C33}.Debug|Any CPU.Build.0 = Debug|Any CPU
		{52DD3FE6-1EF8-4BFA-85FB-1DE006225C33}.Debug|x86.ActiveCfg = Debug|Any CPU
		{52DD3FE6-1EF8-4BFA-85FB-1DE006225C33}.Debug|x86.Build.0 = Debug|Any CPU
		{52DD3FE6-1EF8-4BFA-85FB-1DE006225C33}.DebugLocal|Any CPU.ActiveCfg = Debug|Any CPU
		{52DD3FE6-1EF8-4BFA-85FB-1DE006225C33}.DebugLocal|x86.ActiveCfg = Debug|Any CPU
		{52DD3FE6-1EF8-4BFA-85FB-1DE006225C33}.Release|Any CPU.ActiveCfg = Release|Any CPU
		{52DD3FE6-1EF8-4BFA-85FB-1DE006225C33}.Release|Any CPU.Build.0 = Release|Any CPU
		{52DD3FE6-1EF8-4BFA-85FB-1DE006225C33}.Release|x86.ActiveCfg = Release|Any CPU
		{52DD3FE6-1EF8-4BFA-85FB-1DE006225C33}.Release|x86.Build.0 = Release|Any CPU
		{05D8DE80-57F6-4801-8E91-4E3F841432D6}.Debug|Any CPU.ActiveCfg = Debug|Any CPU
		{05D8DE80-57F6-4801-8E91-4E3F841432D6}.Debug|Any CPU.Build.0 = Debug|Any CPU
		{05D8DE80-57F6-4801-8E91-4E3F841432D6}.Debug|x86.ActiveCfg = Debug|Any CPU
		{05D8DE80-57F6-4801-8E91-4E3F841432D6}.Debug|x86.Build.0 = Debug|Any CPU
		{05D8DE80-57F6-4801-8E91-4E3F841432D6}.DebugLocal|Any CPU.ActiveCfg = Debug|Any CPU
		{05D8DE80-57F6-4801-8E91-4E3F841432D6}.DebugLocal|x86.ActiveCfg = Debug|Any CPU
		{05D8DE80-57F6-4801-8E91-4E3F841432D6}.Release|Any CPU.ActiveCfg = Release|Any CPU
		{05D8DE80-57F6-4801-8E91-4E3F841432D6}.Release|Any CPU.Build.0 = Release|Any CPU
		{05D8DE80-57F6-4801-8E91-4E3F841432D6}.Release|x86.ActiveCfg = Release|Any CPU
		{05D8DE80-57F6-4801-8E91-4E3F841432D6}.Release|x86.Build.0 = Release|Any CPU
		{8B42117F-5C6D-4B70-B2CF-784757E8A45E}.Debug|Any CPU.ActiveCfg = Debug|Any CPU
		{8B42117F-5C6D-4B70-B2CF-784757E8A45E}.Debug|Any CPU.Build.0 = Debug|Any CPU
		{8B42117F-5C6D-4B70-B2CF-784757E8A45E}.Debug|x86.ActiveCfg = Debug|Any CPU
		{8B42117F-5C6D-4B70-B2CF-784757E8A45E}.Debug|x86.Build.0 = Debug|Any CPU
		{8B42117F-5C6D-4B70-B2CF-784757E8A45E}.DebugLocal|Any CPU.ActiveCfg = Debug|Any CPU
		{8B42117F-5C6D-4B70-B2CF-784757E8A45E}.DebugLocal|x86.ActiveCfg = Debug|Any CPU
		{8B42117F-5C6D-4B70-B2CF-784757E8A45E}.Release|Any CPU.ActiveCfg = Release|Any CPU
		{8B42117F-5C6D-4B70-B2CF-784757E8A45E}.Release|Any CPU.Build.0 = Release|Any CPU
		{8B42117F-5C6D-4B70-B2CF-784757E8A45E}.Release|x86.ActiveCfg = Release|Any CPU
		{8B42117F-5C6D-4B70-B2CF-784757E8A45E}.Release|x86.Build.0 = Release|Any CPU
		{81AE43C0-43C7-4E51-92B9-97CC3A90383B}.Debug|Any CPU.ActiveCfg = Debug|Any CPU
		{81AE43C0-43C7-4E51-92B9-97CC3A90383B}.Debug|Any CPU.Build.0 = Debug|Any CPU
		{81AE43C0-43C7-4E51-92B9-97CC3A90383B}.Debug|x86.ActiveCfg = Debug|Any CPU
		{81AE43C0-43C7-4E51-92B9-97CC3A90383B}.Debug|x86.Build.0 = Debug|Any CPU
		{81AE43C0-43C7-4E51-92B9-97CC3A90383B}.DebugLocal|Any CPU.ActiveCfg = Debug|Any CPU
		{81AE43C0-43C7-4E51-92B9-97CC3A90383B}.DebugLocal|x86.ActiveCfg = Debug|Any CPU
		{81AE43C0-43C7-4E51-92B9-97CC3A90383B}.Release|Any CPU.ActiveCfg = Release|Any CPU
		{81AE43C0-43C7-4E51-92B9-97CC3A90383B}.Release|Any CPU.Build.0 = Release|Any CPU
		{81AE43C0-43C7-4E51-92B9-97CC3A90383B}.Release|x86.ActiveCfg = Release|Any CPU
		{81AE43C0-43C7-4E51-92B9-97CC3A90383B}.Release|x86.Build.0 = Release|Any CPU
		{D4E27238-ED37-49B4-9E00-FCE00FB27690}.Debug|Any CPU.ActiveCfg = Debug|Any CPU
		{D4E27238-ED37-49B4-9E00-FCE00FB27690}.Debug|Any CPU.Build.0 = Debug|Any CPU
		{D4E27238-ED37-49B4-9E00-FCE00FB27690}.Debug|x86.ActiveCfg = Debug|Any CPU
		{D4E27238-ED37-49B4-9E00-FCE00FB27690}.Debug|x86.Build.0 = Debug|Any CPU
		{D4E27238-ED37-49B4-9E00-FCE00FB27690}.DebugLocal|Any CPU.ActiveCfg = Debug|Any CPU
		{D4E27238-ED37-49B4-9E00-FCE00FB27690}.DebugLocal|x86.ActiveCfg = Debug|Any CPU
		{D4E27238-ED37-49B4-9E00-FCE00FB27690}.Release|Any CPU.ActiveCfg = Release|Any CPU
		{D4E27238-ED37-49B4-9E00-FCE00FB27690}.Release|Any CPU.Build.0 = Release|Any CPU
		{D4E27238-ED37-49B4-9E00-FCE00FB27690}.Release|x86.ActiveCfg = Release|Any CPU
		{D4E27238-ED37-49B4-9E00-FCE00FB27690}.Release|x86.Build.0 = Release|Any CPU
	EndGlobalSection
	GlobalSection(SolutionProperties) = preSolution
		HideSolutionNode = FALSE
	EndGlobalSection
	GlobalSection(NestedProjects) = preSolution
		{C80A0520-39A5-4BDD-A4CD-6EC0E0132FAC} = {4835C260-F422-44A1-A36D-E5E35DFF5AC8}
		{EA061228-DC48-46F8-8DEE-646BC37C68A4} = {4835C260-F422-44A1-A36D-E5E35DFF5AC8}
		{AD8ADBC1-3432-463F-8F4A-F7A084B07F35} = {4835C260-F422-44A1-A36D-E5E35DFF5AC8}
		{0983612E-95BD-426D-803E-4FFFF01C381F} = {4835C260-F422-44A1-A36D-E5E35DFF5AC8}
		{C781BD15-B664-4BE9-B118-566FB96DC84B} = {BB00E36C-DDB6-41BA-9D01-26661DCADEAC}
		{6EF0D9C7-2AF2-4816-88D8-87A58B777731} = {4835C260-F422-44A1-A36D-E5E35DFF5AC8}
		{AA8B23EC-EB66-41F2-ABEF-FE80CD62B384} = {4835C260-F422-44A1-A36D-E5E35DFF5AC8}
		{662D8DB0-BFA4-4C0F-9539-534808A4408B} = {BB00E36C-DDB6-41BA-9D01-26661DCADEAC}
		{5BD49C57-F0B8-4AAC-B09E-2E2FABD4554A} = {BB00E36C-DDB6-41BA-9D01-26661DCADEAC}
		{52DD3FE6-1EF8-4BFA-85FB-1DE006225C33} = {BB00E36C-DDB6-41BA-9D01-26661DCADEAC}
		{05D8DE80-57F6-4801-8E91-4E3F841432D6} = {4835C260-F422-44A1-A36D-E5E35DFF5AC8}
		{8B42117F-5C6D-4B70-B2CF-784757E8A45E} = {4835C260-F422-44A1-A36D-E5E35DFF5AC8}
		{81AE43C0-43C7-4E51-92B9-97CC3A90383B} = {4835C260-F422-44A1-A36D-E5E35DFF5AC8}
		{D4E27238-ED37-49B4-9E00-FCE00FB27690} = {C5923CB6-0892-4DB7-8EA1-40229E908F85}
	EndGlobalSection
	GlobalSection(ExtensibilityGlobals) = postSolution
		SolutionGuid = {6183968B-87E6-4AC2-9E83-3A82F97E5FA1}
	EndGlobalSection
EndGlobal
